// !$*UTF8*$!
{
	archiveVersion = 1;
	classes = {
	};
	objectVersion = 48;
	objects = {

/* Begin PBXBuildFile section */
		0C1182911F7ECBF2005EF365 /* User.swift in Sources */ = {isa = PBXBuildFile; fileRef = 0C1182901F7ECBF2005EF365 /* User.swift */; };
		0C1182931F7ECCB0005EF365 /* Client.swift in Sources */ = {isa = PBXBuildFile; fileRef = 0C1182921F7ECCB0005EF365 /* Client.swift */; };
		0C1182951F7EDD42005EF365 /* ProfileViewController.swift in Sources */ = {isa = PBXBuildFile; fileRef = 0C1182941F7EDD42005EF365 /* ProfileViewController.swift */; };
		0C1182971F7EE29D005EF365 /* CircleImageView.swift in Sources */ = {isa = PBXBuildFile; fileRef = 0C1182961F7EE29D005EF365 /* CircleImageView.swift */; };
		0C1182991F7EFBC6005EF365 /* ProfileEditableTableViewCell.swift in Sources */ = {isa = PBXBuildFile; fileRef = 0C1182981F7EFBC6005EF365 /* ProfileEditableTableViewCell.swift */; };
		0C11829B1F7EFD62005EF365 /* Row.swift in Sources */ = {isa = PBXBuildFile; fileRef = 0C11829A1F7EFD62005EF365 /* Row.swift */; };
		0C11829E1F7F16AB005EF365 /* ContactOptionView.swift in Sources */ = {isa = PBXBuildFile; fileRef = 0C11829D1F7F16AB005EF365 /* ContactOptionView.swift */; };
		0C32CCBC1F7BEB5B00164E57 /* AppDelegate.swift in Sources */ = {isa = PBXBuildFile; fileRef = 0C32CCBB1F7BEB5B00164E57 /* AppDelegate.swift */; };
		0C32CCBE1F7BEB5B00164E57 /* DirectoryViewController.swift in Sources */ = {isa = PBXBuildFile; fileRef = 0C32CCBD1F7BEB5B00164E57 /* DirectoryViewController.swift */; };
		0C32CCC11F7BEB5B00164E57 /* Main.storyboard in Resources */ = {isa = PBXBuildFile; fileRef = 0C32CCBF1F7BEB5B00164E57 /* Main.storyboard */; };
		0C32CCC61F7BEB5B00164E57 /* LaunchScreen.storyboard in Resources */ = {isa = PBXBuildFile; fileRef = 0C32CCC41F7BEB5B00164E57 /* LaunchScreen.storyboard */; };
		0C32CCDF1F7BF37E00164E57 /* Extensions.swift in Sources */ = {isa = PBXBuildFile; fileRef = 0C32CCDE1F7BF37E00164E57 /* Extensions.swift */; };
		0C32CCE11F7BF6B300164E57 /* DirectoryTableViewCell.swift in Sources */ = {isa = PBXBuildFile; fileRef = 0C32CCE01F7BF6B300164E57 /* DirectoryTableViewCell.swift */; };
		0CF4FE171F801EC6004CDEA0 /* Assets.xcassets in Resources */ = {isa = PBXBuildFile; fileRef = 0CF4FE161F801EC6004CDEA0 /* Assets.xcassets */; };
/* End PBXBuildFile section */

/* Begin PBXFileReference section */
		0C1182901F7ECBF2005EF365 /* User.swift */ = {isa = PBXFileReference; lastKnownFileType = sourcecode.swift; path = User.swift; sourceTree = "<group>"; };
		0C1182921F7ECCB0005EF365 /* Client.swift */ = {isa = PBXFileReference; lastKnownFileType = sourcecode.swift; path = Client.swift; sourceTree = "<group>"; };
		0C1182941F7EDD42005EF365 /* ProfileViewController.swift */ = {isa = PBXFileReference; lastKnownFileType = sourcecode.swift; path = ProfileViewController.swift; sourceTree = "<group>"; };
		0C1182961F7EE29D005EF365 /* CircleImageView.swift */ = {isa = PBXFileReference; lastKnownFileType = sourcecode.swift; path = CircleImageView.swift; sourceTree = "<group>"; };
		0C1182981F7EFBC6005EF365 /* ProfileEditableTableViewCell.swift */ = {isa = PBXFileReference; lastKnownFileType = sourcecode.swift; path = ProfileEditableTableViewCell.swift; sourceTree = "<group>"; };
		0C11829A1F7EFD62005EF365 /* Row.swift */ = {isa = PBXFileReference; lastKnownFileType = sourcecode.swift; path = Row.swift; sourceTree = "<group>"; };
		0C11829D1F7F16AB005EF365 /* ContactOptionView.swift */ = {isa = PBXFileReference; lastKnownFileType = sourcecode.swift; path = ContactOptionView.swift; sourceTree = "<group>"; };
		0C32CCB81F7BEB5B00164E57 /* Project1.app */ = {isa = PBXFileReference; explicitFileType = wrapper.application; includeInIndex = 0; path = Project1.app; sourceTree = BUILT_PRODUCTS_DIR; };
		0C32CCBB1F7BEB5B00164E57 /* AppDelegate.swift */ = {isa = PBXFileReference; lastKnownFileType = sourcecode.swift; path = AppDelegate.swift; sourceTree = "<group>"; };
		0C32CCBD1F7BEB5B00164E57 /* DirectoryViewController.swift */ = {isa = PBXFileReference; lastKnownFileType = sourcecode.swift; path = DirectoryViewController.swift; sourceTree = "<group>"; };
		0C32CCC01F7BEB5B00164E57 /* Base */ = {isa = PBXFileReference; lastKnownFileType = file.storyboard; name = Base; path = Base.lproj/Main.storyboard; sourceTree = "<group>"; };
		0C32CCC51F7BEB5B00164E57 /* Base */ = {isa = PBXFileReference; lastKnownFileType = file.storyboard; name = Base; path = Base.lproj/LaunchScreen.storyboard; sourceTree = "<group>"; };
		0C32CCC71F7BEB5B00164E57 /* Info.plist */ = {isa = PBXFileReference; lastKnownFileType = text.plist.xml; path = Info.plist; sourceTree = "<group>"; };
		0C32CCDD1F7BEF0F00164E57 /* Founders Data.xlsx */ = {isa = PBXFileReference; lastKnownFileType = file; name = "Founders Data.xlsx"; path = "assets/Founders Data.xlsx"; sourceTree = "<group>"; };
		0C32CCDE1F7BF37E00164E57 /* Extensions.swift */ = {isa = PBXFileReference; lastKnownFileType = sourcecode.swift; path = Extensions.swift; sourceTree = "<group>"; };
		0C32CCE01F7BF6B300164E57 /* DirectoryTableViewCell.swift */ = {isa = PBXFileReference; lastKnownFileType = sourcecode.swift; path = DirectoryTableViewCell.swift; sourceTree = "<group>"; };
		0CF4FE161F801EC6004CDEA0 /* Assets.xcassets */ = {isa = PBXFileReference; lastKnownFileType = folder.assetcatalog; path = Assets.xcassets; sourceTree = "<group>"; };
/* End PBXFileReference section */

/* Begin PBXFrameworksBuildPhase section */
		0C32CCB51F7BEB5B00164E57 /* Frameworks */ = {
			isa = PBXFrameworksBuildPhase;
			buildActionMask = 2147483647;
			files = (
			);
			runOnlyForDeploymentPostprocessing = 0;
		};
/* End PBXFrameworksBuildPhase section */

/* Begin PBXGroup section */
		0C11829C1F7EFD77005EF365 /* UI */ = {
			isa = PBXGroup;
			children = (
				0C1182961F7EE29D005EF365 /* CircleImageView.swift */,
				0C11829A1F7EFD62005EF365 /* Row.swift */,
			);
			path = UI;
			sourceTree = "<group>";
		};
		0C32CCAF1F7BEB5B00164E57 = {
			isa = PBXGroup;
			children = (
				0C32CCBA1F7BEB5B00164E57 /* Project1 */,
				0C32CCB91F7BEB5B00164E57 /* Products */,
			);
			sourceTree = "<group>";
		};
		0C32CCB91F7BEB5B00164E57 /* Products */ = {
			isa = PBXGroup;
			children = (
				0C32CCB81F7BEB5B00164E57 /* Project1.app */,
			);
			name = Products;
			sourceTree = "<group>";
		};
		0C32CCBA1F7BEB5B00164E57 /* Project1 */ = {
			isa = PBXGroup;
			children = (
				0C32CCCE1F7BEBE500164E57 /* view */,
				0C32CCCD1F7BEBDD00164E57 /* controller */,
				0C32CCCF1F7BEBF300164E57 /* model */,
				0C32CCD01F7BEC0600164E57 /* support */,
			);
			path = Project1;
			sourceTree = "<group>";
		};
		0C32CCCD1F7BEBDD00164E57 /* controller */ = {
			isa = PBXGroup;
			children = (
				0C32CCBD1F7BEB5B00164E57 /* DirectoryViewController.swift */,
				0C1182941F7EDD42005EF365 /* ProfileViewController.swift */,
			);
			path = controller;
			sourceTree = "<group>";
		};
		0C32CCCE1F7BEBE500164E57 /* view */ = {
			isa = PBXGroup;
			children = (
				0C32CCC41F7BEB5B00164E57 /* LaunchScreen.storyboard */,
				0C32CCBF1F7BEB5B00164E57 /* Main.storyboard */,
				0CF4FE161F801EC6004CDEA0 /* Assets.xcassets */,
				0C32CCE01F7BF6B300164E57 /* DirectoryTableViewCell.swift */,
				0C1182981F7EFBC6005EF365 /* ProfileEditableTableViewCell.swift */,
				0C11829D1F7F16AB005EF365 /* ContactOptionView.swift */,
			);
			path = view;
			sourceTree = "<group>";
		};
		0C32CCCF1F7BEBF300164E57 /* model */ = {
			isa = PBXGroup;
			children = (
				0C1182921F7ECCB0005EF365 /* Client.swift */,
				0C1182901F7ECBF2005EF365 /* User.swift */,
			);
			path = model;
			sourceTree = "<group>";
		};
		0C32CCD01F7BEC0600164E57 /* support */ = {
			isa = PBXGroup;
			children = (
				0C11829C1F7EFD77005EF365 /* UI */,
				0C32CCBB1F7BEB5B00164E57 /* AppDelegate.swift */,
				0C32CCDE1F7BF37E00164E57 /* Extensions.swift */,
				0C32CCC71F7BEB5B00164E57 /* Info.plist */,
				0C32CCDD1F7BEF0F00164E57 /* Founders Data.xlsx */,
			);
			path = support;
			sourceTree = "<group>";
		};
/* End PBXGroup section */

/* Begin PBXNativeTarget section */
		0C32CCB71F7BEB5B00164E57 /* Project1 */ = {
			isa = PBXNativeTarget;
			buildConfigurationList = 0C32CCCA1F7BEB5B00164E57 /* Build configuration list for PBXNativeTarget "Project1" */;
			buildPhases = (
				0C32CCB41F7BEB5B00164E57 /* Sources */,
				0C32CCB51F7BEB5B00164E57 /* Frameworks */,
				0C32CCB61F7BEB5B00164E57 /* Resources */,
			);
			buildRules = (
			);
			dependencies = (
			);
			name = Project1;
			productName = Project1;
			productReference = 0C32CCB81F7BEB5B00164E57 /* Project1.app */;
			productType = "com.apple.product-type.application";
		};
/* End PBXNativeTarget section */

/* Begin PBXProject section */
		0C32CCB01F7BEB5B00164E57 /* Project object */ = {
			isa = PBXProject;
			attributes = {
				LastSwiftUpdateCheck = 0900;
				LastUpgradeCheck = 0900;
				ORGANIZATIONNAME = "Eric Romrell";
				TargetAttributes = {
					0C32CCB71F7BEB5B00164E57 = {
						CreatedOnToolsVersion = 9.0;
						ProvisioningStyle = Automatic;
					};
				};
			};
			buildConfigurationList = 0C32CCB31F7BEB5B00164E57 /* Build configuration list for PBXProject "Project1" */;
			compatibilityVersion = "Xcode 8.0";
			developmentRegion = en;
			hasScannedForEncodings = 0;
			knownRegions = (
				en,
				Base,
			);
			mainGroup = 0C32CCAF1F7BEB5B00164E57;
			productRefGroup = 0C32CCB91F7BEB5B00164E57 /* Products */;
			projectDirPath = "";
			projectRoot = "";
			targets = (
				0C32CCB71F7BEB5B00164E57 /* Project1 */,
			);
		};
/* End PBXProject section */

/* Begin PBXResourcesBuildPhase section */
		0C32CCB61F7BEB5B00164E57 /* Resources */ = {
			isa = PBXResourcesBuildPhase;
			buildActionMask = 2147483647;
			files = (
				0C32CCC61F7BEB5B00164E57 /* LaunchScreen.storyboard in Resources */,
				0CF4FE171F801EC6004CDEA0 /* Assets.xcassets in Resources */,
				0C32CCC11F7BEB5B00164E57 /* Main.storyboard in Resources */,
			);
			runOnlyForDeploymentPostprocessing = 0;
		};
/* End PBXResourcesBuildPhase section */

/* Begin PBXSourcesBuildPhase section */
		0C32CCB41F7BEB5B00164E57 /* Sources */ = {
			isa = PBXSourcesBuildPhase;
			buildActionMask = 2147483647;
			files = (
				0C1182971F7EE29D005EF365 /* CircleImageView.swift in Sources */,
				0C32CCBE1F7BEB5B00164E57 /* DirectoryViewController.swift in Sources */,
				0C1182991F7EFBC6005EF365 /* ProfileEditableTableViewCell.swift in Sources */,
				0C32CCDF1F7BF37E00164E57 /* Extensions.swift in Sources */,
				0C1182931F7ECCB0005EF365 /* Client.swift in Sources */,
				0C32CCBC1F7BEB5B00164E57 /* AppDelegate.swift in Sources */,
				0C1182951F7EDD42005EF365 /* ProfileViewController.swift in Sources */,
				0C1182911F7ECBF2005EF365 /* User.swift in Sources */,
				0C11829B1F7EFD62005EF365 /* Row.swift in Sources */,
				0C32CCE11F7BF6B300164E57 /* DirectoryTableViewCell.swift in Sources */,
				0C11829E1F7F16AB005EF365 /* ContactOptionView.swift in Sources */,
			);
			runOnlyForDeploymentPostprocessing = 0;
		};
/* End PBXSourcesBuildPhase section */

/* Begin PBXVariantGroup section */
		0C32CCBF1F7BEB5B00164E57 /* Main.storyboard */ = {
			isa = PBXVariantGroup;
			children = (
				0C32CCC01F7BEB5B00164E57 /* Base */,
			);
			name = Main.storyboard;
			sourceTree = "<group>";
		};
		0C32CCC41F7BEB5B00164E57 /* LaunchScreen.storyboard */ = {
			isa = PBXVariantGroup;
			children = (
				0C32CCC51F7BEB5B00164E57 /* Base */,
			);
			name = LaunchScreen.storyboard;
			sourceTree = "<group>";
		};
/* End PBXVariantGroup section */

/* Begin XCBuildConfiguration section */
		0C32CCC81F7BEB5B00164E57 /* Debug */ = {
			isa = XCBuildConfiguration;
			buildSettings = {
				ALWAYS_SEARCH_USER_PATHS = NO;
				CLANG_ANALYZER_NONNULL = YES;
				CLANG_ANALYZER_NUMBER_OBJECT_CONVERSION = YES_AGGRESSIVE;
				CLANG_CXX_LANGUAGE_STANDARD = "gnu++14";
				CLANG_CXX_LIBRARY = "libc++";
				CLANG_ENABLE_MODULES = YES;
				CLANG_ENABLE_OBJC_ARC = YES;
				CLANG_WARN_BLOCK_CAPTURE_AUTORELEASING = YES;
				CLANG_WARN_BOOL_CONVERSION = YES;
				CLANG_WARN_COMMA = YES;
				CLANG_WARN_CONSTANT_CONVERSION = YES;
				CLANG_WARN_DIRECT_OBJC_ISA_USAGE = YES_ERROR;
				CLANG_WARN_DOCUMENTATION_COMMENTS = YES;
				CLANG_WARN_EMPTY_BODY = YES;
				CLANG_WARN_ENUM_CONVERSION = YES;
				CLANG_WARN_INFINITE_RECURSION = YES;
				CLANG_WARN_INT_CONVERSION = YES;
				CLANG_WARN_NON_LITERAL_NULL_CONVERSION = YES;
				CLANG_WARN_OBJC_LITERAL_CONVERSION = YES;
				CLANG_WARN_OBJC_ROOT_CLASS = YES_ERROR;
				CLANG_WARN_RANGE_LOOP_ANALYSIS = YES;
				CLANG_WARN_STRICT_PROTOTYPES = YES;
				CLANG_WARN_SUSPICIOUS_MOVE = YES;
				CLANG_WARN_UNGUARDED_AVAILABILITY = YES_AGGRESSIVE;
				CLANG_WARN_UNREACHABLE_CODE = YES;
				CLANG_WARN__DUPLICATE_METHOD_MATCH = YES;
				CODE_SIGN_IDENTITY = "iPhone Developer";
				COPY_PHASE_STRIP = NO;
				DEBUG_INFORMATION_FORMAT = dwarf;
				ENABLE_STRICT_OBJC_MSGSEND = YES;
				ENABLE_TESTABILITY = YES;
				GCC_C_LANGUAGE_STANDARD = gnu11;
				GCC_DYNAMIC_NO_PIC = NO;
				GCC_NO_COMMON_BLOCKS = YES;
				GCC_OPTIMIZATION_LEVEL = 0;
				GCC_PREPROCESSOR_DEFINITIONS = (
					"DEBUG=1",
					"$(inherited)",
				);
				GCC_WARN_64_TO_32_BIT_CONVERSION = YES;
				GCC_WARN_ABOUT_RETURN_TYPE = YES_ERROR;
				GCC_WARN_UNDECLARED_SELECTOR = YES;
				GCC_WARN_UNINITIALIZED_AUTOS = YES_AGGRESSIVE;
				GCC_WARN_UNUSED_FUNCTION = YES;
				GCC_WARN_UNUSED_VARIABLE = YES;
				IPHONEOS_DEPLOYMENT_TARGET = 11.0;
				MTL_ENABLE_DEBUG_INFO = YES;
				ONLY_ACTIVE_ARCH = YES;
				SDKROOT = iphoneos;
				SWIFT_ACTIVE_COMPILATION_CONDITIONS = DEBUG;
				SWIFT_OPTIMIZATION_LEVEL = "-Onone";
			};
			name = Debug;
		};
		0C32CCC91F7BEB5B00164E57 /* Release */ = {
			isa = XCBuildConfiguration;
			buildSettings = {
				ALWAYS_SEARCH_USER_PATHS = NO;
				CLANG_ANALYZER_NONNULL = YES;
				CLANG_ANALYZER_NUMBER_OBJECT_CONVERSION = YES_AGGRESSIVE;
				CLANG_CXX_LANGUAGE_STANDARD = "gnu++14";
				CLANG_CXX_LIBRARY = "libc++";
				CLANG_ENABLE_MODULES = YES;
				CLANG_ENABLE_OBJC_ARC = YES;
				CLANG_WARN_BLOCK_CAPTURE_AUTORELEASING = YES;
				CLANG_WARN_BOOL_CONVERSION = YES;
				CLANG_WARN_COMMA = YES;
				CLANG_WARN_CONSTANT_CONVERSION = YES;
				CLANG_WARN_DIRECT_OBJC_ISA_USAGE = YES_ERROR;
				CLANG_WARN_DOCUMENTATION_COMMENTS = YES;
				CLANG_WARN_EMPTY_BODY = YES;
				CLANG_WARN_ENUM_CONVERSION = YES;
				CLANG_WARN_INFINITE_RECURSION = YES;
				CLANG_WARN_INT_CONVERSION = YES;
				CLANG_WARN_NON_LITERAL_NULL_CONVERSION = YES;
				CLANG_WARN_OBJC_LITERAL_CONVERSION = YES;
				CLANG_WARN_OBJC_ROOT_CLASS = YES_ERROR;
				CLANG_WARN_RANGE_LOOP_ANALYSIS = YES;
				CLANG_WARN_STRICT_PROTOTYPES = YES;
				CLANG_WARN_SUSPICIOUS_MOVE = YES;
				CLANG_WARN_UNGUARDED_AVAILABILITY = YES_AGGRESSIVE;
				CLANG_WARN_UNREACHABLE_CODE = YES;
				CLANG_WARN__DUPLICATE_METHOD_MATCH = YES;
				CODE_SIGN_IDENTITY = "iPhone Developer";
				COPY_PHASE_STRIP = NO;
				DEBUG_INFORMATION_FORMAT = "dwarf-with-dsym";
				ENABLE_NS_ASSERTIONS = NO;
				ENABLE_STRICT_OBJC_MSGSEND = YES;
				GCC_C_LANGUAGE_STANDARD = gnu11;
				GCC_NO_COMMON_BLOCKS = YES;
				GCC_WARN_64_TO_32_BIT_CONVERSION = YES;
				GCC_WARN_ABOUT_RETURN_TYPE = YES_ERROR;
				GCC_WARN_UNDECLARED_SELECTOR = YES;
				GCC_WARN_UNINITIALIZED_AUTOS = YES_AGGRESSIVE;
				GCC_WARN_UNUSED_FUNCTION = YES;
				GCC_WARN_UNUSED_VARIABLE = YES;
				IPHONEOS_DEPLOYMENT_TARGET = 11.0;
				MTL_ENABLE_DEBUG_INFO = NO;
				SDKROOT = iphoneos;
				SWIFT_OPTIMIZATION_LEVEL = "-Owholemodule";
				VALIDATE_PRODUCT = YES;
			};
			name = Release;
		};
		0C32CCCB1F7BEB5B00164E57 /* Debug */ = {
			isa = XCBuildConfiguration;
			buildSettings = {
				ASSETCATALOG_COMPILER_APPICON_NAME = AppIcon;
				CODE_SIGN_STYLE = Automatic;
				DEVELOPMENT_TEAM = G9JN5J3VZ9;
				INFOPLIST_FILE = Project1/support/Info.plist;
				LD_RUNPATH_SEARCH_PATHS = "$(inherited) @executable_path/Frameworks";
				PRODUCT_BUNDLE_IDENTIFIER = com.romrell4.Project1;
				PRODUCT_NAME = "$(TARGET_NAME)";
				SWIFT_VERSION = 4.0;
				TARGETED_DEVICE_FAMILY = "1,2";
			};
			name = Debug;
		};
		0C32CCCC1F7BEB5B00164E57 /* Release */ = {
			isa = XCBuildConfiguration;
			buildSettings = {
				ASSETCATALOG_COMPILER_APPICON_NAME = AppIcon;
				CODE_SIGN_STYLE = Automatic;
				DEVELOPMENT_TEAM = G9JN5J3VZ9;
				INFOPLIST_FILE = Project1/support/Info.plist;
				LD_RUNPATH_SEARCH_PATHS = "$(inherited) @executable_path/Frameworks";
				PRODUCT_BUNDLE_IDENTIFIER = com.romrell4.Project1;
				PRODUCT_NAME = "$(TARGET_NAME)";
				SWIFT_VERSION = 4.0;
				TARGETED_DEVICE_FAMILY = "1,2";
			};
			name = Release;
		};
/* End XCBuildConfiguration section */

/* Begin XCConfigurationList section */
		0C32CCB31F7BEB5B00164E57 /* Build configuration list for PBXProject "Project1" */ = {
			isa = XCConfigurationList;
			buildConfigurations = (
				0C32CCC81F7BEB5B00164E57 /* Debug */,
				0C32CCC91F7BEB5B00164E57 /* Release */,
			);
			defaultConfigurationIsVisible = 0;
			defaultConfigurationName = Release;
		};
		0C32CCCA1F7BEB5B00164E57 /* Build configuration list for PBXNativeTarget "Project1" */ = {
			isa = XCConfigurationList;
			buildConfigurations = (
				0C32CCCB1F7BEB5B00164E57 /* Debug */,
				0C32CCCC1F7BEB5B00164E57 /* Release */,
			);
			defaultConfigurationIsVisible = 0;
			defaultConfigurationName = Release;
		};
/* End XCConfigurationList section */
	};
	rootObject = 0C32CCB01F7BEB5B00164E57 /* Project object */;
}
